
Microsoft Visual Studio Solution File, Format Version 12.00
# Visual Studio Version 17
VisualStudioVersion = 17.8.34511.84
MinimumVisualStudioVersion = 10.0.40219.1
Project("{FAE04EC0-301F-11D3-BF4B-00C04F79EFBC}") = "AdoWeatherService", "AdoWeatherService\AdoWeatherService.csproj", "{6CB98751-58A3-4FBD-8EC0-3CABA0517897}"
EndProject
Global
	GlobalSection(SolutionConfigurationPlatforms) = preSolution
		Debug|Any CPU = Debug|Any CPU
		Release|Any CPU = Release|Any CPU
	EndGlobalSection
	GlobalSection(ProjectConfigurationPlatforms) = postSolution
		{6CB98751-58A3-4FBD-8EC0-3CABA0517897}.Debug|Any CPU.ActiveCfg = Debug|Any CPU
		{6CB98751-58A3-4FBD-8EC0-3CABA0517897}.Debug|Any CPU.Build.0 = Debug|Any CPU
		{6CB98751-58A3-4FBD-8EC0-3CABA0517897}.Release|Any CPU.ActiveCfg = Release|Any CPU
		{6CB98751-58A3-4FBD-8EC0-3CABA0517897}.Release|Any CPU.Build.0 = Release|Any CPU
	EndGlobalSection
	GlobalSection(SolutionProperties) = preSolution
		HideSolutionNode = FALSE
	EndGlobalSection
	GlobalSection(ExtensibilityGlobals) = postSolution
		SolutionGuid = {9D89AC24-20E5-4089-9E33-45AE230355D4}
	EndGlobalSection
EndGlobal
